
Microsoft Visual Studio Solution File, Format Version 12.00
# Visual Studio 15
VisualStudioVersion = 15.0.27130.2003
MinimumVisualStudioVersion = 10.0.40219.1
Project("{888888A0-9F3D-457C-B088-3A5042F75D52}") = "WeatherLSTM", "WeatherLSTM.pyproj", "{0EB03AB4-8BD9-46E2-B25E-BCF92D3B6602}"
EndProject
Global
	GlobalSection(SolutionConfigurationPlatforms) = preSolution
		Debug|Any CPU = Debug|Any CPU
		Release|Any CPU = Release|Any CPU
	EndGlobalSection
	GlobalSection(ProjectConfigurationPlatforms) = postSolution
		{0EB03AB4-8BD9-46E2-B25E-BCF92D3B6602}.Debug|Any CPU.ActiveCfg = Debug|Any CPU
		{0EB03AB4-8BD9-46E2-B25E-BCF92D3B6602}.Release|Any CPU.ActiveCfg = Release|Any CPU
	EndGlobalSection
	GlobalSection(SolutionProperties) = preSolution
		HideSolutionNode = FALSE
	EndGlobalSection
	GlobalSection(ExtensibilityGlobals) = postSolution
		SolutionGuid = {46F3E9B8-B637-43FF-9562-F2E71F84CF4C}
	EndGlobalSection
EndGlobal
